
Microsoft Visual Studio Solution File, Format Version 12.00
# Visual Studio 15
VisualStudioVersion = 15.0.28307.1321
MinimumVisualStudioVersion = 10.0.40219.1
Project("{FAE04EC0-301F-11D3-BF4B-00C04F79EFBC}") = "Deme", "Deme\Deme.csproj", "{47DE5E76-FD9F-406C-9415-F78030E31971}"
EndProject
Global
	GlobalSection(SolutionConfigurationPlatforms) = preSolution
		Debug|Any CPU = Debug|Any CPU
		Release|Any CPU = Release|Any CPU
	EndGlobalSection
	GlobalSection(ProjectConfigurationPlatforms) = postSolution
		{47DE5E76-FD9F-406C-9415-F78030E31971}.Debug|Any CPU.ActiveCfg = Debug|Any CPU
		{47DE5E76-FD9F-406C-9415-F78030E31971}.Debug|Any CPU.Build.0 = Debug|Any CPU
		{47DE5E76-FD9F-406C-9415-F78030E31971}.Release|Any CPU.ActiveCfg = Release|Any CPU
		{47DE5E76-FD9F-406C-9415-F78030E31971}.Release|Any CPU.Build.0 = Release|Any CPU
	EndGlobalSection
	GlobalSection(SolutionProperties) = preSolution
		HideSolutionNode = FALSE
	EndGlobalSection
	GlobalSection(ExtensibilityGlobals) = postSolution
		SolutionGuid = {29563DFD-C4D0-415F-B49F-EBF2C999B7AD}
	EndGlobalSection
EndGlobal
